
Microsoft Visual Studio Solution File, Format Version 12.00
# Visual Studio 15
VisualStudioVersion = 15.0.28307.168
MinimumVisualStudioVersion = 10.0.40219.1
Project("{FAE04EC0-301F-11D3-BF4B-00C04F79EFBC}") = "RhinoSGY", "RhinoSGY\RhinoSGY.csproj", "{F6614A54-03A3-4443-8CCE-8246F9191503}"
EndProject
Global
	GlobalSection(SolutionConfigurationPlatforms) = preSolution
		Debug|Any CPU = Debug|Any CPU
		Release|Any CPU = Release|Any CPU
	EndGlobalSection
	GlobalSection(ProjectConfigurationPlatforms) = postSolution
		{F6614A54-03A3-4443-8CCE-8246F9191503}.Debug|Any CPU.ActiveCfg = Debug|Any CPU
		{F6614A54-03A3-4443-8CCE-8246F9191503}.Debug|Any CPU.Build.0 = Debug|Any CPU
		{F6614A54-03A3-4443-8CCE-8246F9191503}.Release|Any CPU.ActiveCfg = Release|Any CPU
		{F6614A54-03A3-4443-8CCE-8246F9191503}.Release|Any CPU.Build.0 = Release|Any CPU
	EndGlobalSection
	GlobalSection(SolutionProperties) = preSolution
		HideSolutionNode = FALSE
	EndGlobalSection
	GlobalSection(ExtensibilityGlobals) = postSolution
		SolutionGuid = {3C2B3EA6-DE2A-42DC-A416-E3443F586503}
	EndGlobalSection
EndGlobal
